// !$*UTF8*$!
{
	archiveVersion = 1;
	classes = {
	};
	objectVersion = 50;
	objects = {

/* Begin PBXBuildFile section */
		E953DDEE25C6B231008C02A1 /* AppDelegate.swift in Sources */ = {isa = PBXBuildFile; fileRef = E953DDED25C6B231008C02A1 /* AppDelegate.swift */; };
		E953DDF025C6B231008C02A1 /* SceneDelegate.swift in Sources */ = {isa = PBXBuildFile; fileRef = E953DDEF25C6B231008C02A1 /* SceneDelegate.swift */; };
		E953DDF225C6B231008C02A1 /* ViewController.swift in Sources */ = {isa = PBXBuildFile; fileRef = E953DDF125C6B231008C02A1 /* ViewController.swift */; };
		E953DDF525C6B231008C02A1 /* Main.storyboard in Resources */ = {isa = PBXBuildFile; fileRef = E953DDF325C6B231008C02A1 /* Main.storyboard */; };
		E953DDF725C6B234008C02A1 /* Assets.xcassets in Resources */ = {isa = PBXBuildFile; fileRef = E953DDF625C6B234008C02A1 /* Assets.xcassets */; };
		E953DDFA25C6B234008C02A1 /* LaunchScreen.storyboard in Resources */ = {isa = PBXBuildFile; fileRef = E953DDF825C6B234008C02A1 /* LaunchScreen.storyboard */; };
		E97FCD2325FE41BF00A2C66E /* Token.swift in Sources */ = {isa = PBXBuildFile; fileRef = E97FCD2225FE41BF00A2C66E /* Token.swift */; };
/* End PBXBuildFile section */

/* Begin PBXFileReference section */
		E953DDED25C6B231008C02A1 /* AppDelegate.swift */ = {isa = PBXFileReference; lastKnownFileType = sourcecode.swift; path = AppDelegate.swift; sourceTree = "<group>"; };
		E953DDEF25C6B231008C02A1 /* SceneDelegate.swift */ = {isa = PBXFileReference; lastKnownFileType = sourcecode.swift; path = SceneDelegate.swift; sourceTree = "<group>"; };
		E953DDF125C6B231008C02A1 /* ViewController.swift */ = {isa = PBXFileReference; lastKnownFileType = sourcecode.swift; path = ViewController.swift; sourceTree = "<group>"; };
		E953DDF425C6B231008C02A1 /* Base */ = {isa = PBXFileReference; lastKnownFileType = file.storyboard; name = Base; path = Base.lproj/Main.storyboard; sourceTree = "<group>"; };
		E953DDF625C6B234008C02A1 /* Assets.xcassets */ = {isa = PBXFileReference; lastKnownFileType = folder.assetcatalog; path = Assets.xcassets; sourceTree = "<group>"; };
		E953DDF925C6B234008C02A1 /* Base */ = {isa = PBXFileReference; lastKnownFileType = file.storyboard; name = Base; path = Base.lproj/LaunchScreen.storyboard; sourceTree = "<group>"; };
		E953DDFB25C6B234008C02A1 /* Info.plist */ = {isa = PBXFileReference; lastKnownFileType = text.plist.xml; path = Info.plist; sourceTree = "<group>"; };
		E97FCD0A25FE381F00A2C66E /* .gitignore */ = {isa = PBXFileReference; lastKnownFileType = text; path = .gitignore; sourceTree = "<group>"; };
		E97FCD1125FE3AB300A2C66E /* Stonks.app */ = {isa = PBXFileReference; explicitFileType = wrapper.application; includeInIndex = 0; path = Stonks.app; sourceTree = BUILT_PRODUCTS_DIR; };
		E97FCD2225FE41BF00A2C66E /* Token.swift */ = {isa = PBXFileReference; lastKnownFileType = sourcecode.swift; path = Token.swift; sourceTree = "<group>"; };
		E97FCD2825FE426300A2C66E /* README.md */ = {isa = PBXFileReference; lastKnownFileType = net.daringfireball.markdown; path = README.md; sourceTree = "<group>"; };
/* End PBXFileReference section */

/* Begin PBXFrameworksBuildPhase section */
		E953DDE725C6B231008C02A1 /* Frameworks */ = {
			isa = PBXFrameworksBuildPhase;
			buildActionMask = 2147483647;
			files = (
			);
			runOnlyForDeploymentPostprocessing = 0;
		};
/* End PBXFrameworksBuildPhase section */

/* Begin PBXGroup section */
		E953DDE125C6B231008C02A1 = {
			isa = PBXGroup;
			children = (
				E97FCD2825FE426300A2C66E /* README.md */,
				E97FCD0A25FE381F00A2C66E /* .gitignore */,
				E953DDEC25C6B231008C02A1 /* Stonks */,
				E97FCD1125FE3AB300A2C66E /* Stonks.app */,
			);
			sourceTree = "<group>";
		};
		E953DDEC25C6B231008C02A1 /* Stonks */ = {
			isa = PBXGroup;
			children = (
				E953DDED25C6B231008C02A1 /* AppDelegate.swift */,
				E953DDEF25C6B231008C02A1 /* SceneDelegate.swift */,
				E953DDF125C6B231008C02A1 /* ViewController.swift */,
				E953DDF325C6B231008C02A1 /* Main.storyboard */,
				E953DDF625C6B234008C02A1 /* Assets.xcassets */,
				E953DDF825C6B234008C02A1 /* LaunchScreen.storyboard */,
				E953DDFB25C6B234008C02A1 /* Info.plist */,
				E97FCD2225FE41BF00A2C66E /* Token.swift */,
			);
			path = Stonks;
			sourceTree = "<group>";
		};
/* End PBXGroup section */

/* Begin PBXNativeTarget section */
		E953DDE925C6B231008C02A1 /* Stonks */ = {
			isa = PBXNativeTarget;
			buildConfigurationList = E953DE1425C6B234008C02A1 /* Build configuration list for PBXNativeTarget "Stonks" */;
			buildPhases = (
				E953DDE625C6B231008C02A1 /* Sources */,
				E953DDE725C6B231008C02A1 /* Frameworks */,
				E953DDE825C6B231008C02A1 /* Resources */,
			);
			buildRules = (
			);
			dependencies = (
			);
			name = Stonks;
			productName = Stocks;
			productReference = E97FCD1125FE3AB300A2C66E /* Stonks.app */;
			productType = "com.apple.product-type.application";
		};
/* End PBXNativeTarget section */

/* Begin PBXProject section */
		E953DDE225C6B231008C02A1 /* Project object */ = {
			isa = PBXProject;
			attributes = {
				LastSwiftUpdateCheck = 1240;
				LastUpgradeCheck = 1240;
				TargetAttributes = {
					E953DDE925C6B231008C02A1 = {
						CreatedOnToolsVersion = 12.4;
					};
				};
			};
			buildConfigurationList = E953DDE525C6B231008C02A1 /* Build configuration list for PBXProject "Stonks" */;
			compatibilityVersion = "Xcode 9.3";
			developmentRegion = en;
			hasScannedForEncodings = 0;
			knownRegions = (
				en,
				Base,
			);
			mainGroup = E953DDE125C6B231008C02A1;
			productRefGroup = E953DDE125C6B231008C02A1;
			projectDirPath = "";
			projectRoot = "";
			targets = (
				E953DDE925C6B231008C02A1 /* Stonks */,
			);
		};
/* End PBXProject section */

/* Begin PBXResourcesBuildPhase section */
		E953DDE825C6B231008C02A1 /* Resources */ = {
			isa = PBXResourcesBuildPhase;
			buildActionMask = 2147483647;
			files = (
				E953DDFA25C6B234008C02A1 /* LaunchScreen.storyboard in Resources */,
				E953DDF725C6B234008C02A1 /* Assets.xcassets in Resources */,
				E953DDF525C6B231008C02A1 /* Main.storyboard in Resources */,
			);
			runOnlyForDeploymentPostprocessing = 0;
		};
/* End PBXResourcesBuildPhase section */

/* Begin PBXSourcesBuildPhase section */
		E953DDE625C6B231008C02A1 /* Sources */ = {
			isa = PBXSourcesBuildPhase;
			buildActionMask = 2147483647;
			files = (
				E953DDF225C6B231008C02A1 /* ViewController.swift in Sources */,
				E953DDEE25C6B231008C02A1 /* AppDelegate.swift in Sources */,
				E953DDF025C6B231008C02A1 /* SceneDelegate.swift in Sources */,
				E97FCD2325FE41BF00A2C66E /* Token.swift in Sources */,
			);
			runOnlyForDeploymentPostprocessing = 0;
		};
/* End PBXSourcesBuildPhase section */

/* Begin PBXVariantGroup section */
		E953DDF325C6B231008C02A1 /* Main.storyboard */ = {
			isa = PBXVariantGroup;
			children = (
				E953DDF425C6B231008C02A1 /* Base */,
			);
			name = Main.storyboard;
			sourceTree = "<group>";
		};
		E953DDF825C6B234008C02A1 /* LaunchScreen.storyboard */ = {
			isa = PBXVariantGroup;
			children = (
				E953DDF925C6B234008C02A1 /* Base */,
			);
			name = LaunchScreen.storyboard;
			sourceTree = "<group>";
		};
/* End PBXVariantGroup section */

/* Begin XCBuildConfiguration section */
		E953DE1225C6B234008C02A1 /* Debug */ = {
			isa = XCBuildConfiguration;
			buildSettings = {
				ALWAYS_SEARCH_USER_PATHS = NO;
				CLANG_ANALYZER_NONNULL = YES;
				CLANG_ANALYZER_NUMBER_OBJECT_CONVERSION = YES_AGGRESSIVE;
				CLANG_CXX_LANGUAGE_STANDARD = "gnu++14";
				CLANG_CXX_LIBRARY = "libc++";
				CLANG_ENABLE_MODULES = YES;
				CLANG_ENABLE_OBJC_ARC = YES;
				CLANG_ENABLE_OBJC_WEAK = YES;
				CLANG_WARN_BLOCK_CAPTURE_AUTORELEASING = YES;
				CLANG_WARN_BOOL_CONVERSION = YES;
				CLANG_WARN_COMMA = YES;
				CLANG_WARN_CONSTANT_CONVERSION = YES;
				CLANG_WARN_DEPRECATED_OBJC_IMPLEMENTATIONS = YES;
				CLANG_WARN_DIRECT_OBJC_ISA_USAGE = YES_ERROR;
				CLANG_WARN_DOCUMENTATION_COMMENTS = YES;
				CLANG_WARN_EMPTY_BODY = YES;
				CLANG_WARN_ENUM_CONVERSION = YES;
				CLANG_WARN_INFINITE_RECURSION = YES;
				CLANG_WARN_INT_CONVERSION = YES;
				CLANG_WARN_NON_LITERAL_NULL_CONVERSION = YES;
				CLANG_WARN_OBJC_IMPLICIT_RETAIN_SELF = YES;
				CLANG_WARN_OBJC_LITERAL_CONVERSION = YES;
				CLANG_WARN_OBJC_ROOT_CLASS = YES_ERROR;
				CLANG_WARN_QUOTED_INCLUDE_IN_FRAMEWORK_HEADER = YES;
				CLANG_WARN_RANGE_LOOP_ANALYSIS = YES;
				CLANG_WARN_STRICT_PROTOTYPES = YES;
				CLANG_WARN_SUSPICIOUS_MOVE = YES;
				CLANG_WARN_UNGUARDED_AVAILABILITY = YES_AGGRESSIVE;
				CLANG_WARN_UNREACHABLE_CODE = YES;
				CLANG_WARN__DUPLICATE_METHOD_MATCH = YES;
				COPY_PHASE_STRIP = NO;
				DEBUG_INFORMATION_FORMAT = dwarf;
				ENABLE_STRICT_OBJC_MSGSEND = YES;
				ENABLE_TESTABILITY = YES;
				GCC_C_LANGUAGE_STANDARD = gnu11;
				GCC_DYNAMIC_NO_PIC = NO;
				GCC_NO_COMMON_BLOCKS = YES;
				GCC_OPTIMIZATION_LEVEL = 0;
				GCC_PREPROCESSOR_DEFINITIONS = (
					"DEBUG=1",
					"$(inherited)",
				);
				GCC_WARN_64_TO_32_BIT_CONVERSION = YES;
				GCC_WARN_ABOUT_RETURN_TYPE = YES_ERROR;
				GCC_WARN_UNDECLARED_SELECTOR = YES;
				GCC_WARN_UNINITIALIZED_AUTOS = YES_AGGRESSIVE;
				GCC_WARN_UNUSED_FUNCTION = YES;
				GCC_WARN_UNUSED_VARIABLE = YES;
				IPHONEOS_DEPLOYMENT_TARGET = 14.4;
				MTL_ENABLE_DEBUG_INFO = INCLUDE_SOURCE;
				MTL_FAST_MATH = YES;
				ONLY_ACTIVE_ARCH = YES;
				SDKROOT = iphoneos;
				SWIFT_ACTIVE_COMPILATION_CONDITIONS = DEBUG;
				SWIFT_OPTIMIZATION_LEVEL = "-Onone";
			};
			name = Debug;
		};
		E953DE1325C6B234008C02A1 /* Release */ = {
			isa = XCBuildConfiguration;
			buildSettings = {
				ALWAYS_SEARCH_USER_PATHS = NO;
				CLANG_ANALYZER_NONNULL = YES;
				CLANG_ANALYZER_NUMBER_OBJECT_CONVERSION = YES_AGGRESSIVE;
				CLANG_CXX_LANGUAGE_STANDARD = "gnu++14";
				CLANG_CXX_LIBRARY = "libc++";
				CLANG_ENABLE_MODULES = YES;
				CLANG_ENABLE_OBJC_ARC = YES;
				CLANG_ENABLE_OBJC_WEAK = YES;
				CLANG_WARN_BLOCK_CAPTURE_AUTORELEASING = YES;
				CLANG_WARN_BOOL_CONVERSION = YES;
				CLANG_WARN_COMMA = YES;
				CLANG_WARN_CONSTANT_CONVERSION = YES;
				CLANG_WARN_DEPRECATED_OBJC_IMPLEMENTATIONS = YES;
				CLANG_WARN_DIRECT_OBJC_ISA_USAGE = YES_ERROR;
				CLANG_WARN_DOCUMENTATION_COMMENTS = YES;
				CLANG_WARN_EMPTY_BODY = YES;
				CLANG_WARN_ENUM_CONVERSION = YES;
				CLANG_WARN_INFINITE_RECURSION = YES;
				CLANG_WARN_INT_CONVERSION = YES;
				CLANG_WARN_NON_LITERAL_NULL_CONVERSION = YES;
				CLANG_WARN_OBJC_IMPLICIT_RETAIN_SELF = YES;
				CLANG_WARN_OBJC_LITERAL_CONVERSION = YES;
				CLANG_WARN_OBJC_ROOT_CLASS = YES_ERROR;
				CLANG_WARN_QUOTED_INCLUDE_IN_FRAMEWORK_HEADER = YES;
				CLANG_WARN_RANGE_LOOP_ANALYSIS = YES;
				CLANG_WARN_STRICT_PROTOTYPES = YES;
				CLANG_WARN_SUSPICIOUS_MOVE = YES;
				CLANG_WARN_UNGUARDED_AVAILABILITY = YES_AGGRESSIVE;
				CLANG_WARN_UNREACHABLE_CODE = YES;
				CLANG_WARN__DUPLICATE_METHOD_MATCH = YES;
				COPY_PHASE_STRIP = NO;
				DEBUG_INFORMATION_FORMAT = "dwarf-with-dsym";
				ENABLE_NS_ASSERTIONS = NO;
				ENABLE_STRICT_OBJC_MSGSEND = YES;
				GCC_C_LANGUAGE_STANDARD = gnu11;
				GCC_NO_COMMON_BLOCKS = YES;
				GCC_WARN_64_TO_32_BIT_CONVERSION = YES;
				GCC_WARN_ABOUT_RETURN_TYPE = YES_ERROR;
				GCC_WARN_UNDECLARED_SELECTOR = YES;
				GCC_WARN_UNINITIALIZED_AUTOS = YES_AGGRESSIVE;
				GCC_WARN_UNUSED_FUNCTION = YES;
				GCC_WARN_UNUSED_VARIABLE = YES;
				IPHONEOS_DEPLOYMENT_TARGET = 14.4;
				MTL_ENABLE_DEBUG_INFO = NO;
				MTL_FAST_MATH = YES;
				SDKROOT = iphoneos;
				SWIFT_COMPILATION_MODE = wholemodule;
				SWIFT_OPTIMIZATION_LEVEL = "-O";
				VALIDATE_PRODUCT = YES;
			};
			name = Release;
		};
		E953DE1525C6B234008C02A1 /* Debug */ = {
			isa = XCBuildConfiguration;
			buildSettings = {
				ASSETCATALOG_COMPILER_APPICON_NAME = AppIcon;
				ASSETCATALOG_COMPILER_GLOBAL_ACCENT_COLOR_NAME = AccentColor;
				CODE_SIGN_STYLE = Automatic;
				DEVELOPMENT_TEAM = 5HLZKGYS3N;
				INFOPLIST_FILE = "$(SRCROOT)/Stonks/Info.plist";
				LD_RUNPATH_SEARCH_PATHS = (
					"$(inherited)",
					"@executable_path/Frameworks",
				);
				PRODUCT_BUNDLE_IDENTIFIER = ru.Stonks;
				PRODUCT_NAME = "$(TARGET_NAME)";
				SWIFT_VERSION = 5.0;
				TARGETED_DEVICE_FAMILY = "1,2";
			};
			name = Debug;
		};
		E953DE1625C6B234008C02A1 /* Release */ = {
			isa = XCBuildConfiguration;
			buildSettings = {
				ASSETCATALOG_COMPILER_APPICON_NAME = AppIcon;
				ASSETCATALOG_COMPILER_GLOBAL_ACCENT_COLOR_NAME = AccentColor;
				CODE_SIGN_STYLE = Automatic;
				DEVELOPMENT_TEAM = 5HLZKGYS3N;
				INFOPLIST_FILE = "$(SRCROOT)/Stonks/Info.plist";
				LD_RUNPATH_SEARCH_PATHS = (
					"$(inherited)",
					"@executable_path/Frameworks",
				);
				PRODUCT_BUNDLE_IDENTIFIER = ru.Stonks;
				PRODUCT_NAME = "$(TARGET_NAME)";
				SWIFT_VERSION = 5.0;
				TARGETED_DEVICE_FAMILY = "1,2";
			};
			name = Release;
		};
/* End XCBuildConfiguration section */

/* Begin XCConfigurationList section */
		E953DDE525C6B231008C02A1 /* Build configuration list for PBXProject "Stonks" */ = {
			isa = XCConfigurationList;
			buildConfigurations = (
				E953DE1225C6B234008C02A1 /* Debug */,
				E953DE1325C6B234008C02A1 /* Release */,
			);
			defaultConfigurationIsVisible = 0;
			defaultConfigurationName = Release;
		};
		E953DE1425C6B234008C02A1 /* Build configuration list for PBXNativeTarget "Stonks" */ = {
			isa = XCConfigurationList;
			buildConfigurations = (
				E953DE1525C6B234008C02A1 /* Debug */,
				E953DE1625C6B234008C02A1 /* Release */,
			);
			defaultConfigurationIsVisible = 0;
			defaultConfigurationName = Release;
		};
/* End XCConfigurationList section */
	};
	rootObject = E953DDE225C6B231008C02A1 /* Project object */;
}
